// !$*UTF8*$!
{
	archiveVersion = 1;
	classes = {
	};
	objectVersion = 77;
	objects = {

/* Begin PBXBuildFile section */
		681AA1C52E7FAE77005DB953 /* KeychainSwift in Frameworks */ = {isa = PBXBuildFile; productRef = 681AA1C42E7FAE77005DB953 /* KeychainSwift */; };
		684AF8412EEC31A5007A0EEC /* SuperwallKit in Frameworks */ = {isa = PBXBuildFile; productRef = 684AF8402EEC31A5007A0EEC /* SuperwallKit */; };
		68E4960F2EEC576E0051E82F /* StoreKit.framework in Frameworks */ = {isa = PBXBuildFile; fileRef = 68E4960E2EEC576E0051E82F /* StoreKit.framework */; };
		99D3CB392F01210D00D8157D /* AppsFlyerLib in Frameworks */ = {isa = PBXBuildFile; productRef = 99D3CB382F01210D00D8157D /* AppsFlyerLib */; };
/* End PBXBuildFile section */

/* Begin PBXContainerItemProxy section */
		68D5F0132E7F9E0C0032D089 /* PBXContainerItemProxy */ = {
			isa = PBXContainerItemProxy;
			containerPortal = 68D5EFFA2E7F9E0B0032D089 /* Project object */;
			proxyType = 1;
			remoteGlobalIDString = 68D5F0012E7F9E0B0032D089;
			remoteInfo = BatcaveStarter;
		};
		68D5F01D2E7F9E0C0032D089 /* PBXContainerItemProxy */ = {
			isa = PBXContainerItemProxy;
			containerPortal = 68D5EFFA2E7F9E0B0032D089 /* Project object */;
			proxyType = 1;
			remoteGlobalIDString = 68D5F0012E7F9E0B0032D089;
			remoteInfo = BatcaveStarter;
		};
/* End PBXContainerItemProxy section */

/* Begin PBXFileReference section */
		68D5F0022E7F9E0B0032D089 /* ExDetox.app */ = {isa = PBXFileReference; explicitFileType = wrapper.application; includeInIndex = 0; path = ExDetox.app; sourceTree = BUILT_PRODUCTS_DIR; };
		68D5F0122E7F9E0C0032D089 /* ExDetoxTests.xctest */ = {isa = PBXFileReference; explicitFileType = wrapper.cfbundle; includeInIndex = 0; path = ExDetoxTests.xctest; sourceTree = BUILT_PRODUCTS_DIR; };
		68D5F01C2E7F9E0C0032D089 /* ExDetoxUITests.xctest */ = {isa = PBXFileReference; explicitFileType = wrapper.cfbundle; includeInIndex = 0; path = ExDetoxUITests.xctest; sourceTree = BUILT_PRODUCTS_DIR; };
		68E4960E2EEC576E0051E82F /* StoreKit.framework */ = {isa = PBXFileReference; lastKnownFileType = wrapper.framework; name = StoreKit.framework; path = System/Library/Frameworks/StoreKit.framework; sourceTree = SDKROOT; };
/* End PBXFileReference section */

/* Begin PBXFileSystemSynchronizedBuildFileExceptionSet section */
		68DE03112EE58D0E00748644 /* Exceptions for "ExDetox" folder in "ExDetox" target */ = {
			isa = PBXFileSystemSynchronizedBuildFileExceptionSet;
			membershipExceptions = (
				Info.plist,
			);
			target = 68D5F0012E7F9E0B0032D089 /* ExDetox */;
		};
/* End PBXFileSystemSynchronizedBuildFileExceptionSet section */

/* Begin PBXFileSystemSynchronizedRootGroup section */
		68D5F0042E7F9E0B0032D089 /* ExDetox */ = {
			isa = PBXFileSystemSynchronizedRootGroup;
			exceptions = (
				68DE03112EE58D0E00748644 /* Exceptions for "ExDetox" folder in "ExDetox" target */,
			);
			path = ExDetox;
			sourceTree = "<group>";
		};
		68D5F0152E7F9E0C0032D089 /* ExDetoxTests */ = {
			isa = PBXFileSystemSynchronizedRootGroup;
			path = ExDetoxTests;
			sourceTree = "<group>";
		};
		68D5F01F2E7F9E0C0032D089 /* ExDetoxUITests */ = {
			isa = PBXFileSystemSynchronizedRootGroup;
			path = ExDetoxUITests;
			sourceTree = "<group>";
		};
/* End PBXFileSystemSynchronizedRootGroup section */

/* Begin PBXFrameworksBuildPhase section */
		68D5EFFF2E7F9E0B0032D089 /* Frameworks */ = {
			isa = PBXFrameworksBuildPhase;
			buildActionMask = 2147483647;
			files = (
				68E4960F2EEC576E0051E82F /* StoreKit.framework in Frameworks */,
				99D3CB392F01210D00D8157D /* AppsFlyerLib in Frameworks */,
				681AA1C52E7FAE77005DB953 /* KeychainSwift in Frameworks */,
				684AF8412EEC31A5007A0EEC /* SuperwallKit in Frameworks */,
			);
			runOnlyForDeploymentPostprocessing = 0;
		};
		68D5F00F2E7F9E0C0032D089 /* Frameworks */ = {
			isa = PBXFrameworksBuildPhase;
			buildActionMask = 2147483647;
			files = (
			);
			runOnlyForDeploymentPostprocessing = 0;
		};
		68D5F0192E7F9E0C0032D089 /* Frameworks */ = {
			isa = PBXFrameworksBuildPhase;
			buildActionMask = 2147483647;
			files = (
			);
			runOnlyForDeploymentPostprocessing = 0;
		};
/* End PBXFrameworksBuildPhase section */

/* Begin PBXGroup section */
		68D5EFF92E7F9E0B0032D089 = {
			isa = PBXGroup;
			children = (
				68D5F0042E7F9E0B0032D089 /* ExDetox */,
				68D5F0152E7F9E0C0032D089 /* ExDetoxTests */,
				68D5F01F2E7F9E0C0032D089 /* ExDetoxUITests */,
				68E4960D2EEC576E0051E82F /* Frameworks */,
				68D5F0032E7F9E0B0032D089 /* Products */,
			);
			sourceTree = "<group>";
		};
		68D5F0032E7F9E0B0032D089 /* Products */ = {
			isa = PBXGroup;
			children = (
				68D5F0022E7F9E0B0032D089 /* ExDetox.app */,
				68D5F0122E7F9E0C0032D089 /* ExDetoxTests.xctest */,
				68D5F01C2E7F9E0C0032D089 /* ExDetoxUITests.xctest */,
			);
			name = Products;
			sourceTree = "<group>";
		};
		68E4960D2EEC576E0051E82F /* Frameworks */ = {
			isa = PBXGroup;
			children = (
				68E4960E2EEC576E0051E82F /* StoreKit.framework */,
			);
			name = Frameworks;
			sourceTree = "<group>";
		};
/* End PBXGroup section */

/* Begin PBXNativeTarget section */
		68D5F0012E7F9E0B0032D089 /* ExDetox */ = {
			isa = PBXNativeTarget;
			buildConfigurationList = 68D5F0262E7F9E0C0032D089 /* Build configuration list for PBXNativeTarget "ExDetox" */;
			buildPhases = (
				68D5EFFE2E7F9E0B0032D089 /* Sources */,
				68D5EFFF2E7F9E0B0032D089 /* Frameworks */,
				68D5F0002E7F9E0B0032D089 /* Resources */,
			);
			buildRules = (
			);
			dependencies = (
			);
			fileSystemSynchronizedGroups = (
				68D5F0042E7F9E0B0032D089 /* ExDetox */,
			);
			name = ExDetox;
			packageProductDependencies = (
				681AA1C42E7FAE77005DB953 /* KeychainSwift */,
				684AF8402EEC31A5007A0EEC /* SuperwallKit */,
				99D3CB382F01210D00D8157D /* AppsFlyerLib */,
			);
			productName = BatcaveStarter;
			productReference = 68D5F0022E7F9E0B0032D089 /* ExDetox.app */;
			productType = "com.apple.product-type.application";
		};
		68D5F0112E7F9E0C0032D089 /* ExDetoxTests */ = {
			isa = PBXNativeTarget;
			buildConfigurationList = 68D5F0292E7F9E0C0032D089 /* Build configuration list for PBXNativeTarget "ExDetoxTests" */;
			buildPhases = (
				68D5F00E2E7F9E0C0032D089 /* Sources */,
				68D5F00F2E7F9E0C0032D089 /* Frameworks */,
				68D5F0102E7F9E0C0032D089 /* Resources */,
			);
			buildRules = (
			);
			dependencies = (
				68D5F0142E7F9E0C0032D089 /* PBXTargetDependency */,
			);
			fileSystemSynchronizedGroups = (
				68D5F0152E7F9E0C0032D089 /* ExDetoxTests */,
			);
			name = ExDetoxTests;
			packageProductDependencies = (
			);
			productName = BatcaveStarterTests;
			productReference = 68D5F0122E7F9E0C0032D089 /* ExDetoxTests.xctest */;
			productType = "com.apple.product-type.bundle.unit-test";
		};
		68D5F01B2E7F9E0C0032D089 /* ExDetoxUITests */ = {
			isa = PBXNativeTarget;
			buildConfigurationList = 68D5F02C2E7F9E0C0032D089 /* Build configuration list for PBXNativeTarget "ExDetoxUITests" */;
			buildPhases = (
				68D5F0182E7F9E0C0032D089 /* Sources */,
				68D5F0192E7F9E0C0032D089 /* Frameworks */,
				68D5F01A2E7F9E0C0032D089 /* Resources */,
			);
			buildRules = (
			);
			dependencies = (
				68D5F01E2E7F9E0C0032D089 /* PBXTargetDependency */,
			);
			fileSystemSynchronizedGroups = (
				68D5F01F2E7F9E0C0032D089 /* ExDetoxUITests */,
			);
			name = ExDetoxUITests;
			packageProductDependencies = (
			);
			productName = BatcaveStarterUITests;
			productReference = 68D5F01C2E7F9E0C0032D089 /* ExDetoxUITests.xctest */;
			productType = "com.apple.product-type.bundle.ui-testing";
		};
/* End PBXNativeTarget section */

/* Begin PBXProject section */
		68D5EFFA2E7F9E0B0032D089 /* Project object */ = {
			isa = PBXProject;
			attributes = {
				BuildIndependentTargetsInParallel = 1;
				LastSwiftUpdateCheck = 1610;
				LastUpgradeCheck = 1610;
				TargetAttributes = {
					68D5F0012E7F9E0B0032D089 = {
						CreatedOnToolsVersion = 16.1;
					};
					68D5F0112E7F9E0C0032D089 = {
						CreatedOnToolsVersion = 16.1;
						TestTargetID = 68D5F0012E7F9E0B0032D089;
					};
					68D5F01B2E7F9E0C0032D089 = {
						CreatedOnToolsVersion = 16.1;
						TestTargetID = 68D5F0012E7F9E0B0032D089;
					};
				};
			};
			buildConfigurationList = 68D5EFFD2E7F9E0B0032D089 /* Build configuration list for PBXProject "ExDetox" */;
			developmentRegion = en;
			hasScannedForEncodings = 0;
			knownRegions = (
				en,
				Base,
			);
			mainGroup = 68D5EFF92E7F9E0B0032D089;
			minimizedProjectReferenceProxies = 1;
			packageReferences = (
				681AA1C32E7FAE77005DB953 /* XCRemoteSwiftPackageReference "keychain-swift" */,
				684AF83F2EEC31A5007A0EEC /* XCRemoteSwiftPackageReference "Superwall-iOS" */,
				99D3CB372F01210D00D8157D /* XCRemoteSwiftPackageReference "AppsFlyerFramework" */,
			);
			preferredProjectObjectVersion = 77;
			productRefGroup = 68D5F0032E7F9E0B0032D089 /* Products */;
			projectDirPath = "";
			projectRoot = "";
			targets = (
				68D5F0012E7F9E0B0032D089 /* ExDetox */,
				68D5F0112E7F9E0C0032D089 /* ExDetoxTests */,
				68D5F01B2E7F9E0C0032D089 /* ExDetoxUITests */,
			);
		};
/* End PBXProject section */

/* Begin PBXResourcesBuildPhase section */
		68D5F0002E7F9E0B0032D089 /* Resources */ = {
			isa = PBXResourcesBuildPhase;
			buildActionMask = 2147483647;
			files = (
			);
			runOnlyForDeploymentPostprocessing = 0;
		};
		68D5F0102E7F9E0C0032D089 /* Resources */ = {
			isa = PBXResourcesBuildPhase;
			buildActionMask = 2147483647;
			files = (
			);
			runOnlyForDeploymentPostprocessing = 0;
		};
		68D5F01A2E7F9E0C0032D089 /* Resources */ = {
			isa = PBXResourcesBuildPhase;
			buildActionMask = 2147483647;
			files = (
			);
			runOnlyForDeploymentPostprocessing = 0;
		};
/* End PBXResourcesBuildPhase section */

/* Begin PBXSourcesBuildPhase section */
		68D5EFFE2E7F9E0B0032D089 /* Sources */ = {
			isa = PBXSourcesBuildPhase;
			buildActionMask = 2147483647;
			files = (
			);
			runOnlyForDeploymentPostprocessing = 0;
		};
		68D5F00E2E7F9E0C0032D089 /* Sources */ = {
			isa = PBXSourcesBuildPhase;
			buildActionMask = 2147483647;
			files = (
			);
			runOnlyForDeploymentPostprocessing = 0;
		};
		68D5F0182E7F9E0C0032D089 /* Sources */ = {
			isa = PBXSourcesBuildPhase;
			buildActionMask = 2147483647;
			files = (
			);
			runOnlyForDeploymentPostprocessing = 0;
		};
/* End PBXSourcesBuildPhase section */

/* Begin PBXTargetDependency section */
		68D5F0142E7F9E0C0032D089 /* PBXTargetDependency */ = {
			isa = PBXTargetDependency;
			target = 68D5F0012E7F9E0B0032D089 /* ExDetox */;
			targetProxy = 68D5F0132E7F9E0C0032D089 /* PBXContainerItemProxy */;
		};
		68D5F01E2E7F9E0C0032D089 /* PBXTargetDependency */ = {
			isa = PBXTargetDependency;
			target = 68D5F0012E7F9E0B0032D089 /* ExDetox */;
			targetProxy = 68D5F01D2E7F9E0C0032D089 /* PBXContainerItemProxy */;
		};
/* End PBXTargetDependency section */

/* Begin XCBuildConfiguration section */
		68D5F0242E7F9E0C0032D089 /* Debug */ = {
			isa = XCBuildConfiguration;
			baseConfigurationReferenceAnchor = 68D5F0042E7F9E0B0032D089 /* ExDetox */;
			baseConfigurationReferenceRelativePath = App/Config/Configurations/Development.xcconfig;
			buildSettings = {
				ALWAYS_SEARCH_USER_PATHS = NO;
				ASSETCATALOG_COMPILER_GENERATE_SWIFT_ASSET_SYMBOL_EXTENSIONS = YES;
				CLANG_ANALYZER_NONNULL = YES;
				CLANG_ANALYZER_NUMBER_OBJECT_CONVERSION = YES_AGGRESSIVE;
				CLANG_CXX_LANGUAGE_STANDARD = "gnu++20";
				CLANG_ENABLE_MODULES = YES;
				CLANG_ENABLE_OBJC_ARC = YES;
				CLANG_ENABLE_OBJC_WEAK = YES;
				CLANG_WARN_BLOCK_CAPTURE_AUTORELEASING = YES;
				CLANG_WARN_BOOL_CONVERSION = YES;
				CLANG_WARN_COMMA = YES;
				CLANG_WARN_CONSTANT_CONVERSION = YES;
				CLANG_WARN_DEPRECATED_OBJC_IMPLEMENTATIONS = YES;
				CLANG_WARN_DIRECT_OBJC_ISA_USAGE = YES_ERROR;
				CLANG_WARN_DOCUMENTATION_COMMENTS = YES;
				CLANG_WARN_EMPTY_BODY = YES;
				CLANG_WARN_ENUM_CONVERSION = YES;
				CLANG_WARN_INFINITE_RECURSION = YES;
				CLANG_WARN_INT_CONVERSION = YES;
				CLANG_WARN_NON_LITERAL_NULL_CONVERSION = YES;
				CLANG_WARN_OBJC_IMPLICIT_RETAIN_SELF = YES;
				CLANG_WARN_OBJC_LITERAL_CONVERSION = YES;
				CLANG_WARN_OBJC_ROOT_CLASS = YES_ERROR;
				CLANG_WARN_QUOTED_INCLUDE_IN_FRAMEWORK_HEADER = YES;
				CLANG_WARN_RANGE_LOOP_ANALYSIS = YES;
				CLANG_WARN_STRICT_PROTOTYPES = YES;
				CLANG_WARN_SUSPICIOUS_MOVE = YES;
				CLANG_WARN_UNGUARDED_AVAILABILITY = YES_AGGRESSIVE;
				CLANG_WARN_UNREACHABLE_CODE = YES;
				CLANG_WARN__DUPLICATE_METHOD_MATCH = YES;
				COPY_PHASE_STRIP = NO;
				DEBUG_INFORMATION_FORMAT = dwarf;
				ENABLE_STRICT_OBJC_MSGSEND = YES;
				ENABLE_TESTABILITY = YES;
				ENABLE_USER_SCRIPT_SANDBOXING = YES;
				GCC_C_LANGUAGE_STANDARD = gnu17;
				GCC_DYNAMIC_NO_PIC = NO;
				GCC_NO_COMMON_BLOCKS = YES;
				GCC_OPTIMIZATION_LEVEL = 0;
				GCC_PREPROCESSOR_DEFINITIONS = (
					"DEBUG=1",
					"$(inherited)",
				);
				GCC_WARN_64_TO_32_BIT_CONVERSION = YES;
				GCC_WARN_ABOUT_RETURN_TYPE = YES_ERROR;
				GCC_WARN_UNDECLARED_SELECTOR = YES;
				GCC_WARN_UNINITIALIZED_AUTOS = YES_AGGRESSIVE;
				GCC_WARN_UNUSED_FUNCTION = YES;
				GCC_WARN_UNUSED_VARIABLE = YES;
				IPHONEOS_DEPLOYMENT_TARGET = 18.1;
				LOCALIZATION_PREFERS_STRING_CATALOGS = YES;
				MTL_ENABLE_DEBUG_INFO = INCLUDE_SOURCE;
				MTL_FAST_MATH = YES;
				ONLY_ACTIVE_ARCH = YES;
				SDKROOT = iphoneos;
				SWIFT_ACTIVE_COMPILATION_CONDITIONS = "DEBUG $(inherited)";
				SWIFT_OPTIMIZATION_LEVEL = "-Onone";
			};
			name = Debug;
		};
		68D5F0252E7F9E0C0032D089 /* Release */ = {
			isa = XCBuildConfiguration;
			baseConfigurationReferenceAnchor = 68D5F0042E7F9E0B0032D089 /* ExDetox */;
			baseConfigurationReferenceRelativePath = App/Config/Configurations/Release.xcconfig;
			buildSettings = {
				ALWAYS_SEARCH_USER_PATHS = NO;
				ASSETCATALOG_COMPILER_GENERATE_SWIFT_ASSET_SYMBOL_EXTENSIONS = YES;
				CLANG_ANALYZER_NONNULL = YES;
				CLANG_ANALYZER_NUMBER_OBJECT_CONVERSION = YES_AGGRESSIVE;
				CLANG_CXX_LANGUAGE_STANDARD = "gnu++20";
				CLANG_ENABLE_MODULES = YES;
				CLANG_ENABLE_OBJC_ARC = YES;
				CLANG_ENABLE_OBJC_WEAK = YES;
				CLANG_WARN_BLOCK_CAPTURE_AUTORELEASING = YES;
				CLANG_WARN_BOOL_CONVERSION = YES;
				CLANG_WARN_COMMA = YES;
				CLANG_WARN_CONSTANT_CONVERSION = YES;
				CLANG_WARN_DEPRECATED_OBJC_IMPLEMENTATIONS = YES;
				CLANG_WARN_DIRECT_OBJC_ISA_USAGE = YES_ERROR;
				CLANG_WARN_DOCUMENTATION_COMMENTS = YES;
				CLANG_WARN_EMPTY_BODY = YES;
				CLANG_WARN_ENUM_CONVERSION = YES;
				CLANG_WARN_INFINITE_RECURSION = YES;
				CLANG_WARN_INT_CONVERSION = YES;
				CLANG_WARN_NON_LITERAL_NULL_CONVERSION = YES;
				CLANG_WARN_OBJC_IMPLICIT_RETAIN_SELF = YES;
				CLANG_WARN_OBJC_LITERAL_CONVERSION = YES;
				CLANG_WARN_OBJC_ROOT_CLASS = YES_ERROR;
				CLANG_WARN_QUOTED_INCLUDE_IN_FRAMEWORK_HEADER = YES;
				CLANG_WARN_RANGE_LOOP_ANALYSIS = YES;
				CLANG_WARN_STRICT_PROTOTYPES = YES;
				CLANG_WARN_SUSPICIOUS_MOVE = YES;
				CLANG_WARN_UNGUARDED_AVAILABILITY = YES_AGGRESSIVE;
				CLANG_WARN_UNREACHABLE_CODE = YES;
				CLANG_WARN__DUPLICATE_METHOD_MATCH = YES;
				COPY_PHASE_STRIP = NO;
				DEBUG_INFORMATION_FORMAT = "dwarf-with-dsym";
				ENABLE_NS_ASSERTIONS = NO;
				ENABLE_STRICT_OBJC_MSGSEND = YES;
				ENABLE_USER_SCRIPT_SANDBOXING = YES;
				GCC_C_LANGUAGE_STANDARD = gnu17;
				GCC_NO_COMMON_BLOCKS = YES;
				GCC_WARN_64_TO_32_BIT_CONVERSION = YES;
				GCC_WARN_ABOUT_RETURN_TYPE = YES_ERROR;
				GCC_WARN_UNDECLARED_SELECTOR = YES;
				GCC_WARN_UNINITIALIZED_AUTOS = YES_AGGRESSIVE;
				GCC_WARN_UNUSED_FUNCTION = YES;
				GCC_WARN_UNUSED_VARIABLE = YES;
				IPHONEOS_DEPLOYMENT_TARGET = 18.1;
				LOCALIZATION_PREFERS_STRING_CATALOGS = YES;
				MTL_ENABLE_DEBUG_INFO = NO;
				MTL_FAST_MATH = YES;
				SDKROOT = iphoneos;
				SWIFT_COMPILATION_MODE = wholemodule;
				VALIDATE_PRODUCT = YES;
			};
			name = Release;
		};
		68D5F0272E7F9E0C0032D089 /* Debug */ = {
			isa = XCBuildConfiguration;
			buildSettings = {
				ASSETCATALOG_COMPILER_APPICON_NAME = AppIcon;
				ASSETCATALOG_COMPILER_GLOBAL_ACCENT_COLOR_NAME = AccentColor;
				CODE_SIGN_STYLE = Automatic;
				CURRENT_PROJECT_VERSION = 1;
				DEVELOPMENT_ASSET_PATHS = "\"ExDetox/Preview Content\"";
				DEVELOPMENT_TEAM = M4D9WCCL22;
				ENABLE_PREVIEWS = YES;
				GENERATE_INFOPLIST_FILE = YES;
				INFOPLIST_FILE = ExDetox/Info.plist;
				INFOPLIST_KEY_CFBundleDisplayName = "ExDetox Creator";
				INFOPLIST_KEY_ITSAppUsesNonExemptEncryption = NO;
				INFOPLIST_KEY_NSPhotoLibraryUsageDescription = "ExDetox needs access to your photo library to add images to your \"My Why\" reasons.";
				INFOPLIST_KEY_NSUserTrackingUsageDescription = "ExDetox needs your data to provide a personalized ad experience and improve our app's features.";
				INFOPLIST_KEY_UIApplicationSceneManifest_Generation = YES;
				INFOPLIST_KEY_UIApplicationSupportsIndirectInputEvents = YES;
				INFOPLIST_KEY_UILaunchScreen_Generation = YES;
				INFOPLIST_KEY_UISupportedInterfaceOrientations = UIInterfaceOrientationPortrait;
				INFOPLIST_KEY_UISupportedInterfaceOrientations_iPad = "UIInterfaceOrientationLandscapeLeft UIInterfaceOrientationLandscapeRight UIInterfaceOrientationPortrait UIInterfaceOrientationPortraitUpsideDown";
				LD_RUNPATH_SEARCH_PATHS = (
					"$(inherited)",
					"@executable_path/Frameworks",
				);
				MARKETING_VERSION = 1.0.2;
				PRODUCT_BUNDLE_IDENTIFIER = com.app.exdetox.creator;
				PRODUCT_NAME = "$(TARGET_NAME)";
				SUPPORTED_PLATFORMS = "iphoneos iphonesimulator";
				SUPPORTS_MACCATALYST = NO;
				SUPPORTS_MAC_DESIGNED_FOR_IPHONE_IPAD = NO;
				SUPPORTS_XR_DESIGNED_FOR_IPHONE_IPAD = NO;
				SWIFT_EMIT_LOC_STRINGS = YES;
				SWIFT_VERSION = 5.0;
				TARGETED_DEVICE_FAMILY = 1;
			};
			name = Debug;
		};
		68D5F0282E7F9E0C0032D089 /* Release */ = {
			isa = XCBuildConfiguration;
			buildSettings = {
				ASSETCATALOG_COMPILER_APPICON_NAME = AppIcon;
				ASSETCATALOG_COMPILER_GLOBAL_ACCENT_COLOR_NAME = AccentColor;
				CODE_SIGN_STYLE = Automatic;
				CURRENT_PROJECT_VERSION = 1;
				DEVELOPMENT_ASSET_PATHS = "\"ExDetox/Preview Content\"";
				DEVELOPMENT_TEAM = M4D9WCCL22;
				ENABLE_PREVIEWS = YES;
				GENERATE_INFOPLIST_FILE = YES;
				INFOPLIST_FILE = ExDetox/Info.plist;
				INFOPLIST_KEY_CFBundleDisplayName = "ExDetox Creator";
				INFOPLIST_KEY_ITSAppUsesNonExemptEncryption = NO;
				INFOPLIST_KEY_NSPhotoLibraryUsageDescription = "ExDetox needs access to your photo library to add images to your \"My Why\" reasons.";
				INFOPLIST_KEY_NSUserTrackingUsageDescription = "ExDetox needs your data to provide a personalized ad experience and improve our app's features.";
				INFOPLIST_KEY_UIApplicationSceneManifest_Generation = YES;
				INFOPLIST_KEY_UIApplicationSupportsIndirectInputEvents = YES;
				INFOPLIST_KEY_UILaunchScreen_Generation = YES;
				INFOPLIST_KEY_UISupportedInterfaceOrientations = UIInterfaceOrientationPortrait;
				INFOPLIST_KEY_UISupportedInterfaceOrientations_iPad = "UIInterfaceOrientationLandscapeLeft UIInterfaceOrientationLandscapeRight UIInterfaceOrientationPortrait UIInterfaceOrientationPortraitUpsideDown";
				LD_RUNPATH_SEARCH_PATHS = (
					"$(inherited)",
					"@executable_path/Frameworks",
				);
				MARKETING_VERSION = 1.0.2;
				PRODUCT_BUNDLE_IDENTIFIER = com.app.exdetox;
				PRODUCT_NAME = "$(TARGET_NAME)";
				SUPPORTED_PLATFORMS = "iphoneos iphonesimulator";
				SUPPORTS_MACCATALYST = NO;
				SUPPORTS_MAC_DESIGNED_FOR_IPHONE_IPAD = NO;
				SUPPORTS_XR_DESIGNED_FOR_IPHONE_IPAD = NO;
				SWIFT_EMIT_LOC_STRINGS = YES;
				SWIFT_VERSION = 5.0;
				TARGETED_DEVICE_FAMILY = 1;
			};
			name = Release;
		};
		68D5F02A2E7F9E0C0032D089 /* Debug */ = {
			isa = XCBuildConfiguration;
			buildSettings = {
				BUNDLE_LOADER = "$(TEST_HOST)";
				CODE_SIGN_STYLE = Automatic;
				CURRENT_PROJECT_VERSION = 1;
				DEVELOPMENT_TEAM = M4D9WCCL22;
				GENERATE_INFOPLIST_FILE = YES;
				IPHONEOS_DEPLOYMENT_TARGET = 18.1;
				MARKETING_VERSION = 1.0;
				PRODUCT_BUNDLE_IDENTIFIER = com.batcavestarter.app.BatcaveStarterTests;
				PRODUCT_NAME = "$(TARGET_NAME)";
				SWIFT_EMIT_LOC_STRINGS = NO;
				SWIFT_VERSION = 5.0;
				TARGETED_DEVICE_FAMILY = "1,2";
				TEST_HOST = "$(BUILT_PRODUCTS_DIR)/ExDetox.app/$(BUNDLE_EXECUTABLE_FOLDER_PATH)/ExDetox";
			};
			name = Debug;
		};
		68D5F02B2E7F9E0C0032D089 /* Release */ = {
			isa = XCBuildConfiguration;
			buildSettings = {
				BUNDLE_LOADER = "$(TEST_HOST)";
				CODE_SIGN_STYLE = Automatic;
				CURRENT_PROJECT_VERSION = 1;
				DEVELOPMENT_TEAM = M4D9WCCL22;
				GENERATE_INFOPLIST_FILE = YES;
				IPHONEOS_DEPLOYMENT_TARGET = 18.1;
				MARKETING_VERSION = 1.0;
				PRODUCT_BUNDLE_IDENTIFIER = com.batcavestarter.app.BatcaveStarterTests;
				PRODUCT_NAME = "$(TARGET_NAME)";
				SWIFT_EMIT_LOC_STRINGS = NO;
				SWIFT_VERSION = 5.0;
				TARGETED_DEVICE_FAMILY = "1,2";
				TEST_HOST = "$(BUILT_PRODUCTS_DIR)/ExDetox.app/$(BUNDLE_EXECUTABLE_FOLDER_PATH)/ExDetox";
			};
			name = Release;
		};
		68D5F02D2E7F9E0C0032D089 /* Debug */ = {
			isa = XCBuildConfiguration;
			buildSettings = {
				CODE_SIGN_STYLE = Automatic;
				CURRENT_PROJECT_VERSION = 1;
				DEVELOPMENT_TEAM = M4D9WCCL22;
				GENERATE_INFOPLIST_FILE = YES;
				MARKETING_VERSION = 1.0;
				PRODUCT_BUNDLE_IDENTIFIER = com.batcavestarter.app.BatcaveStarterUITests;
				PRODUCT_NAME = "$(TARGET_NAME)";
				SWIFT_EMIT_LOC_STRINGS = NO;
				SWIFT_VERSION = 5.0;
				TARGETED_DEVICE_FAMILY = "1,2";
				TEST_TARGET_NAME = BatcaveStarter;
			};
			name = Debug;
		};
		68D5F02E2E7F9E0C0032D089 /* Release */ = {
			isa = XCBuildConfiguration;
			buildSettings = {
				CODE_SIGN_STYLE = Automatic;
				CURRENT_PROJECT_VERSION = 1;
				DEVELOPMENT_TEAM = M4D9WCCL22;
				GENERATE_INFOPLIST_FILE = YES;
				MARKETING_VERSION = 1.0;
				PRODUCT_BUNDLE_IDENTIFIER = com.batcavestarter.app.BatcaveStarterUITests;
				PRODUCT_NAME = "$(TARGET_NAME)";
				SWIFT_EMIT_LOC_STRINGS = NO;
				SWIFT_VERSION = 5.0;
				TARGETED_DEVICE_FAMILY = "1,2";
				TEST_TARGET_NAME = BatcaveStarter;
			};
			name = Release;
		};
/* End XCBuildConfiguration section */

/* Begin XCConfigurationList section */
		68D5EFFD2E7F9E0B0032D089 /* Build configuration list for PBXProject "ExDetox" */ = {
			isa = XCConfigurationList;
			buildConfigurations = (
				68D5F0242E7F9E0C0032D089 /* Debug */,
				68D5F0252E7F9E0C0032D089 /* Release */,
			);
			defaultConfigurationIsVisible = 0;
			defaultConfigurationName = Release;
		};
		68D5F0262E7F9E0C0032D089 /* Build configuration list for PBXNativeTarget "ExDetox" */ = {
			isa = XCConfigurationList;
			buildConfigurations = (
				68D5F0272E7F9E0C0032D089 /* Debug */,
				68D5F0282E7F9E0C0032D089 /* Release */,
			);
			defaultConfigurationIsVisible = 0;
			defaultConfigurationName = Release;
		};
		68D5F0292E7F9E0C0032D089 /* Build configuration list for PBXNativeTarget "ExDetoxTests" */ = {
			isa = XCConfigurationList;
			buildConfigurations = (
				68D5F02A2E7F9E0C0032D089 /* Debug */,
				68D5F02B2E7F9E0C0032D089 /* Release */,
			);
			defaultConfigurationIsVisible = 0;
			defaultConfigurationName = Release;
		};
		68D5F02C2E7F9E0C0032D089 /* Build configuration list for PBXNativeTarget "ExDetoxUITests" */ = {
			isa = XCConfigurationList;
			buildConfigurations = (
				68D5F02D2E7F9E0C0032D089 /* Debug */,
				68D5F02E2E7F9E0C0032D089 /* Release */,
			);
			defaultConfigurationIsVisible = 0;
			defaultConfigurationName = Release;
		};
/* End XCConfigurationList section */

/* Begin XCRemoteSwiftPackageReference section */
		681AA1C32E7FAE77005DB953 /* XCRemoteSwiftPackageReference "keychain-swift" */ = {
			isa = XCRemoteSwiftPackageReference;
			repositoryURL = "https://github.com/evgenyneu/keychain-swift.git";
			requirement = {
				kind = upToNextMajorVersion;
				minimumVersion = 24.0.0;
			};
		};
		684AF83F2EEC31A5007A0EEC /* XCRemoteSwiftPackageReference "Superwall-iOS" */ = {
			isa = XCRemoteSwiftPackageReference;
			repositoryURL = "https://github.com/superwall/Superwall-iOS";
			requirement = {
				kind = upToNextMajorVersion;
				minimumVersion = 4.10.8;
			};
		};
		99D3CB372F01210D00D8157D /* XCRemoteSwiftPackageReference "AppsFlyerFramework" */ = {
			isa = XCRemoteSwiftPackageReference;
			repositoryURL = "https://github.com/AppsFlyerSDK/AppsFlyerFramework.git";
			requirement = {
				kind = upToNextMajorVersion;
				minimumVersion = 6.17.8;
			};
		};
/* End XCRemoteSwiftPackageReference section */

/* Begin XCSwiftPackageProductDependency section */
		681AA1C42E7FAE77005DB953 /* KeychainSwift */ = {
			isa = XCSwiftPackageProductDependency;
			package = 681AA1C32E7FAE77005DB953 /* XCRemoteSwiftPackageReference "keychain-swift" */;
			productName = KeychainSwift;
		};
		684AF8402EEC31A5007A0EEC /* SuperwallKit */ = {
			isa = XCSwiftPackageProductDependency;
			package = 684AF83F2EEC31A5007A0EEC /* XCRemoteSwiftPackageReference "Superwall-iOS" */;
			productName = SuperwallKit;
		};
		99D3CB382F01210D00D8157D /* AppsFlyerLib */ = {
			isa = XCSwiftPackageProductDependency;
			package = 99D3CB372F01210D00D8157D /* XCRemoteSwiftPackageReference "AppsFlyerFramework" */;
			productName = AppsFlyerLib;
		};
/* End XCSwiftPackageProductDependency section */
	};
	rootObject = 68D5EFFA2E7F9E0B0032D089 /* Project object */;
}
